
Microsoft Visual Studio Solution File, Format Version 12.00
# Visual Studio Version 17
VisualStudioVersion = 17.0.31912.275
MinimumVisualStudioVersion = 10.0.40219.1
Project("{9A19103F-16F7-4668-BE54-9A1E7A4F7556}") = "GeneratorKit", "src\GeneratorKit\GeneratorKit.csproj", "{D19A9A50-2EB7-4AB8-A907-7E6728A9334F}"
EndProject
Project("{2150E333-8FDC-42A3-9474-1A3956D46DE8}") = "tests", "tests", "{47AEE980-8E75-4BCC-B309-5EC0349D396E}"
EndProject
Project("{FAE04EC0-301F-11D3-BF4B-00C04F79EFBC}") = "GeneratorKit.Tests", "Tests\GeneratorKit.Tests\GeneratorKit.Tests.csproj", "{E1F1C131-B0CA-47D2-B0FD-69D6A3B771AF}"
EndProject
Global
	GlobalSection(SolutionConfigurationPlatforms) = preSolution
		Debug|Any CPU = Debug|Any CPU
		Release|Any CPU = Release|Any CPU
	EndGlobalSection
	GlobalSection(ProjectConfigurationPlatforms) = postSolution
		{D19A9A50-2EB7-4AB8-A907-7E6728A9334F}.Debug|Any CPU.ActiveCfg = Debug|Any CPU
		{D19A9A50-2EB7-4AB8-A907-7E6728A9334F}.Debug|Any CPU.Build.0 = Debug|Any CPU
		{D19A9A50-2EB7-4AB8-A907-7E6728A9334F}.Release|Any CPU.ActiveCfg = Release|Any CPU
		{D19A9A50-2EB7-4AB8-A907-7E6728A9334F}.Release|Any CPU.Build.0 = Release|Any CPU
		{E1F1C131-B0CA-47D2-B0FD-69D6A3B771AF}.Debug|Any CPU.ActiveCfg = Debug|Any CPU
		{E1F1C131-B0CA-47D2-B0FD-69D6A3B771AF}.Debug|Any CPU.Build.0 = Debug|Any CPU
		{E1F1C131-B0CA-47D2-B0FD-69D6A3B771AF}.Release|Any CPU.ActiveCfg = Release|Any CPU
		{E1F1C131-B0CA-47D2-B0FD-69D6A3B771AF}.Release|Any CPU.Build.0 = Release|Any CPU
	EndGlobalSection
	GlobalSection(SolutionProperties) = preSolution
		HideSolutionNode = FALSE
	EndGlobalSection
	GlobalSection(NestedProjects) = preSolution
		{E1F1C131-B0CA-47D2-B0FD-69D6A3B771AF} = {47AEE980-8E75-4BCC-B309-5EC0349D396E}
	EndGlobalSection
	GlobalSection(ExtensibilityGlobals) = postSolution
		SolutionGuid = {BB27E23A-0A59-4660-8B66-BA363AF4CA8D}
	EndGlobalSection
EndGlobal
